
Microsoft Visual Studio Solution File, Format Version 12.00
# Visual Studio 2013
VisualStudioVersion = 12.0.30501.0
MinimumVisualStudioVersion = 10.0.40219.1
Project("{FAE04EC0-301F-11D3-BF4B-00C04F79EFBC}") = "HypeMediaPlayer", "HypeMediaPlayer\HypeMediaPlayer.csproj", "{C7DF98E2-ADA5-4B32-8EBE-82F856F2BDBB}"
EndProject
Global
	GlobalSection(SolutionConfigurationPlatforms) = preSolution
		Debug|Any CPU = Debug|Any CPU
		Release|Any CPU = Release|Any CPU
	EndGlobalSection
	GlobalSection(ProjectConfigurationPlatforms) = postSolution
		{C7DF98E2-ADA5-4B32-8EBE-82F856F2BDBB}.Debug|Any CPU.ActiveCfg = Debug|Any CPU
		{C7DF98E2-ADA5-4B32-8EBE-82F856F2BDBB}.Debug|Any CPU.Build.0 = Debug|Any CPU
		{C7DF98E2-ADA5-4B32-8EBE-82F856F2BDBB}.Release|Any CPU.ActiveCfg = Release|Any CPU
		{C7DF98E2-ADA5-4B32-8EBE-82F856F2BDBB}.Release|Any CPU.Build.0 = Release|Any CPU
	EndGlobalSection
	GlobalSection(SolutionProperties) = preSolution
		HideSolutionNode = FALSE
	EndGlobalSection
EndGlobal
